
Microsoft Visual Studio Solution File, Format Version 11.00
# Visual Studio 2010
Project("{FAE04EC0-301F-11D3-BF4B-00C04F79EFBC}") = "Testgame", "Testgame\Testgame\Testgame.csproj", "{2F3A5B98-9E46-4A1E-8270-E362AC07ABD5}"
EndProject
Project("{FAE04EC0-301F-11D3-BF4B-00C04F79EFBC}") = "TestgameContent", "Testgame\TestgameContent\TestgameContent.contentproj", "{F9149D34-1C8B-4F36-95C7-8A54F942454D}"
EndProject
Project("{FAE04EC0-301F-11D3-BF4B-00C04F79EFBC}") = "Xbox 360 Copy (2) of Testgame", "Testgame\Testgame\Xbox 360 Copy (2) of Testgame.csproj", "{1742DC55-55D3-43AB-A228-E2D5ED02205A}"
EndProject
Global
	GlobalSection(SolutionConfigurationPlatforms) = preSolution
		Debug|Mixed Platforms = Debug|Mixed Platforms
		Debug|x86 = Debug|x86
		Debug|Xbox 360 = Debug|Xbox 360
		Release|Mixed Platforms = Release|Mixed Platforms
		Release|x86 = Release|x86
		Release|Xbox 360 = Release|Xbox 360
	EndGlobalSection
	GlobalSection(ProjectConfigurationPlatforms) = postSolution
		{2F3A5B98-9E46-4A1E-8270-E362AC07ABD5}.Debug|Mixed Platforms.ActiveCfg = Debug|x86
		{2F3A5B98-9E46-4A1E-8270-E362AC07ABD5}.Debug|Mixed Platforms.Build.0 = Debug|x86
		{2F3A5B98-9E46-4A1E-8270-E362AC07ABD5}.Debug|x86.ActiveCfg = Debug|x86
		{2F3A5B98-9E46-4A1E-8270-E362AC07ABD5}.Debug|x86.Build.0 = Debug|x86
		{2F3A5B98-9E46-4A1E-8270-E362AC07ABD5}.Debug|Xbox 360.ActiveCfg = Debug|x86
		{2F3A5B98-9E46-4A1E-8270-E362AC07ABD5}.Debug|Xbox 360.Build.0 = Debug|x86
		{2F3A5B98-9E46-4A1E-8270-E362AC07ABD5}.Release|Mixed Platforms.ActiveCfg = Release|x86
		{2F3A5B98-9E46-4A1E-8270-E362AC07ABD5}.Release|Mixed Platforms.Build.0 = Release|x86
		{2F3A5B98-9E46-4A1E-8270-E362AC07ABD5}.Release|x86.ActiveCfg = Release|x86
		{2F3A5B98-9E46-4A1E-8270-E362AC07ABD5}.Release|x86.Build.0 = Release|x86
		{2F3A5B98-9E46-4A1E-8270-E362AC07ABD5}.Release|Xbox 360.ActiveCfg = Release|x86
		{2F3A5B98-9E46-4A1E-8270-E362AC07ABD5}.Release|Xbox 360.Build.0 = Release|x86
		{F9149D34-1C8B-4F36-95C7-8A54F942454D}.Debug|Mixed Platforms.ActiveCfg = Debug|x86
		{F9149D34-1C8B-4F36-95C7-8A54F942454D}.Debug|x86.ActiveCfg = Debug|x86
		{F9149D34-1C8B-4F36-95C7-8A54F942454D}.Debug|Xbox 360.ActiveCfg = Debug|x86
		{F9149D34-1C8B-4F36-95C7-8A54F942454D}.Release|Mixed Platforms.ActiveCfg = Release|x86
		{F9149D34-1C8B-4F36-95C7-8A54F942454D}.Release|x86.ActiveCfg = Release|x86
		{F9149D34-1C8B-4F36-95C7-8A54F942454D}.Release|Xbox 360.ActiveCfg = Release|x86
		{1742DC55-55D3-43AB-A228-E2D5ED02205A}.Debug|Mixed Platforms.ActiveCfg = Debug|Xbox 360
		{1742DC55-55D3-43AB-A228-E2D5ED02205A}.Debug|Mixed Platforms.Build.0 = Debug|Xbox 360
		{1742DC55-55D3-43AB-A228-E2D5ED02205A}.Debug|Mixed Platforms.Deploy.0 = Debug|Xbox 360
		{1742DC55-55D3-43AB-A228-E2D5ED02205A}.Debug|x86.ActiveCfg = Debug|Xbox 360
		{1742DC55-55D3-43AB-A228-E2D5ED02205A}.Debug|x86.Build.0 = Debug|Xbox 360
		{1742DC55-55D3-43AB-A228-E2D5ED02205A}.Debug|Xbox 360.ActiveCfg = Debug|Xbox 360
		{1742DC55-55D3-43AB-A228-E2D5ED02205A}.Debug|Xbox 360.Build.0 = Debug|Xbox 360
		{1742DC55-55D3-43AB-A228-E2D5ED02205A}.Debug|Xbox 360.Deploy.0 = Debug|Xbox 360
		{1742DC55-55D3-43AB-A228-E2D5ED02205A}.Release|Mixed Platforms.ActiveCfg = Release|Xbox 360
		{1742DC55-55D3-43AB-A228-E2D5ED02205A}.Release|Mixed Platforms.Build.0 = Release|Xbox 360
		{1742DC55-55D3-43AB-A228-E2D5ED02205A}.Release|Mixed Platforms.Deploy.0 = Release|Xbox 360
		{1742DC55-55D3-43AB-A228-E2D5ED02205A}.Release|x86.ActiveCfg = Release|Xbox 360
		{1742DC55-55D3-43AB-A228-E2D5ED02205A}.Release|x86.Build.0 = Release|Xbox 360
		{1742DC55-55D3-43AB-A228-E2D5ED02205A}.Release|Xbox 360.ActiveCfg = Release|Xbox 360
		{1742DC55-55D3-43AB-A228-E2D5ED02205A}.Release|Xbox 360.Build.0 = Release|Xbox 360
		{1742DC55-55D3-43AB-A228-E2D5ED02205A}.Release|Xbox 360.Deploy.0 = Release|Xbox 360
	EndGlobalSection
	GlobalSection(SolutionProperties) = preSolution
		HideSolutionNode = FALSE
	EndGlobalSection
EndGlobal
